
Microsoft Visual Studio Solution File, Format Version 12.00
# Visual Studio Version 17
VisualStudioVersion = 17.14.36705.20 d17.14
MinimumVisualStudioVersion = 10.0.40219.1
Project("{8BC9CEB8-8B4A-11D0-8D11-00A0C91BC942}") = "MCO2", "MCO2\MCO2.vcxproj", "{EFE06C8F-71D6-4AF7-B66F-386294B36426}"
EndProject
Global
	GlobalSection(SolutionConfigurationPlatforms) = preSolution
		Debug|x64 = Debug|x64
		Debug|x86 = Debug|x86
		Release|x64 = Release|x64
		Release|x86 = Release|x86
	EndGlobalSection
	GlobalSection(ProjectConfigurationPlatforms) = postSolution
		{EFE06C8F-71D6-4AF7-B66F-386294B36426}.Debug|x64.ActiveCfg = Debug|x64
		{EFE06C8F-71D6-4AF7-B66F-386294B36426}.Debug|x64.Build.0 = Debug|x64
		{EFE06C8F-71D6-4AF7-B66F-386294B36426}.Debug|x86.ActiveCfg = Debug|Win32
		{EFE06C8F-71D6-4AF7-B66F-386294B36426}.Debug|x86.Build.0 = Debug|Win32
		{EFE06C8F-71D6-4AF7-B66F-386294B36426}.Release|x64.ActiveCfg = Release|x64
		{EFE06C8F-71D6-4AF7-B66F-386294B36426}.Release|x64.Build.0 = Release|x64
		{EFE06C8F-71D6-4AF7-B66F-386294B36426}.Release|x86.ActiveCfg = Release|Win32
		{EFE06C8F-71D6-4AF7-B66F-386294B36426}.Release|x86.Build.0 = Release|Win32
	EndGlobalSection
	GlobalSection(SolutionProperties) = preSolution
		HideSolutionNode = FALSE
	EndGlobalSection
	GlobalSection(ExtensibilityGlobals) = postSolution
		SolutionGuid = {80E1FC54-54E1-495F-91B3-55E96A5A71E6}
	EndGlobalSection
EndGlobal
